
Microsoft Visual Studio Solution File, Format Version 12.00
# Visual Studio 2013
VisualStudioVersion = 12.0.31101.0
MinimumVisualStudioVersion = 10.0.40219.1
Project("{FAE04EC0-301F-11D3-BF4B-00C04F79EFBC}") = "NLoad", "NLoad\NLoad.csproj", "{F0DAD423-3AA7-434A-A7C4-72B54300E541}"
EndProject
Project("{FAE04EC0-301F-11D3-BF4B-00C04F79EFBC}") = "NLoad.Tests", "NLoad.Tests\NLoad.Tests.csproj", "{6E85D810-DE64-42EB-96E1-E5D4EB8F40AC}"
EndProject
Project("{2150E333-8FDC-42A3-9474-1A3956D46DE8}") = ".nuget", ".nuget", "{F0D71622-5412-4021-B668-4C4D78F4B3B6}"
	ProjectSection(SolutionItems) = preProject
		.nuget\NuGet.Config = .nuget\NuGet.Config
		.nuget\NuGet.exe = .nuget\NuGet.exe
		.nuget\NuGet.targets = .nuget\NuGet.targets
		.nuget\NuGetPack.bat = .nuget\NuGetPack.bat
	EndProjectSection
EndProject
Project("{FAE04EC0-301F-11D3-BF4B-00C04F79EFBC}") = "NLoad.App", "NLoad.App\NLoad.App.csproj", "{40FBEB92-2C93-47BD-B61C-13A1795F95FB}"
EndProject
Global
	GlobalSection(SolutionConfigurationPlatforms) = preSolution
		Debug|Any CPU = Debug|Any CPU
		Release|Any CPU = Release|Any CPU
	EndGlobalSection
	GlobalSection(ProjectConfigurationPlatforms) = postSolution
		{F0DAD423-3AA7-434A-A7C4-72B54300E541}.Debug|Any CPU.ActiveCfg = Debug|Any CPU
		{F0DAD423-3AA7-434A-A7C4-72B54300E541}.Debug|Any CPU.Build.0 = Debug|Any CPU
		{F0DAD423-3AA7-434A-A7C4-72B54300E541}.Release|Any CPU.ActiveCfg = Release|Any CPU
		{F0DAD423-3AA7-434A-A7C4-72B54300E541}.Release|Any CPU.Build.0 = Release|Any CPU
		{6E85D810-DE64-42EB-96E1-E5D4EB8F40AC}.Debug|Any CPU.ActiveCfg = Debug|Any CPU
		{6E85D810-DE64-42EB-96E1-E5D4EB8F40AC}.Debug|Any CPU.Build.0 = Debug|Any CPU
		{6E85D810-DE64-42EB-96E1-E5D4EB8F40AC}.Release|Any CPU.ActiveCfg = Release|Any CPU
		{6E85D810-DE64-42EB-96E1-E5D4EB8F40AC}.Release|Any CPU.Build.0 = Release|Any CPU
		{40FBEB92-2C93-47BD-B61C-13A1795F95FB}.Debug|Any CPU.ActiveCfg = Debug|Any CPU
		{40FBEB92-2C93-47BD-B61C-13A1795F95FB}.Debug|Any CPU.Build.0 = Debug|Any CPU
		{40FBEB92-2C93-47BD-B61C-13A1795F95FB}.Release|Any CPU.ActiveCfg = Release|Any CPU
		{40FBEB92-2C93-47BD-B61C-13A1795F95FB}.Release|Any CPU.Build.0 = Release|Any CPU
	EndGlobalSection
	GlobalSection(SolutionProperties) = preSolution
		HideSolutionNode = FALSE
	EndGlobalSection
EndGlobal
